
Microsoft Visual Studio Solution File, Format Version 12.00
# Visual Studio 15
VisualStudioVersion = 15.0.27130.2024
MinimumVisualStudioVersion = 10.0.40219.1
Project("{8BC9CEB8-8B4A-11D0-8D11-00A0C91BC942}") = "Lab00", "Lab00\Lab00.vcxproj", "{E426257F-7397-4DF2-900A-9B4631EED155}"
EndProject
Project("{8BC9CEB8-8B4A-11D0-8D11-00A0C91BC942}") = "Lab01", "Lab01\Lab01.vcxproj", "{5E5D2B34-3DA2-4177-9969-0A746C702EEE}"
EndProject
Global
	GlobalSection(SolutionConfigurationPlatforms) = preSolution
		Debug|x64 = Debug|x64
		Debug|x86 = Debug|x86
		Release|x64 = Release|x64
		Release|x86 = Release|x86
	EndGlobalSection
	GlobalSection(ProjectConfigurationPlatforms) = postSolution
		{E426257F-7397-4DF2-900A-9B4631EED155}.Debug|x64.ActiveCfg = Debug|x64
		{E426257F-7397-4DF2-900A-9B4631EED155}.Debug|x64.Build.0 = Debug|x64
		{E426257F-7397-4DF2-900A-9B4631EED155}.Debug|x86.ActiveCfg = Debug|Win32
		{E426257F-7397-4DF2-900A-9B4631EED155}.Debug|x86.Build.0 = Debug|Win32
		{E426257F-7397-4DF2-900A-9B4631EED155}.Release|x64.ActiveCfg = Release|x64
		{E426257F-7397-4DF2-900A-9B4631EED155}.Release|x64.Build.0 = Release|x64
		{E426257F-7397-4DF2-900A-9B4631EED155}.Release|x86.ActiveCfg = Release|Win32
		{E426257F-7397-4DF2-900A-9B4631EED155}.Release|x86.Build.0 = Release|Win32
		{5E5D2B34-3DA2-4177-9969-0A746C702EEE}.Debug|x64.ActiveCfg = Debug|x64
		{5E5D2B34-3DA2-4177-9969-0A746C702EEE}.Debug|x64.Build.0 = Debug|x64
		{5E5D2B34-3DA2-4177-9969-0A746C702EEE}.Debug|x86.ActiveCfg = Debug|Win32
		{5E5D2B34-3DA2-4177-9969-0A746C702EEE}.Debug|x86.Build.0 = Debug|Win32
		{5E5D2B34-3DA2-4177-9969-0A746C702EEE}.Release|x64.ActiveCfg = Release|x64
		{5E5D2B34-3DA2-4177-9969-0A746C702EEE}.Release|x64.Build.0 = Release|x64
		{5E5D2B34-3DA2-4177-9969-0A746C702EEE}.Release|x86.ActiveCfg = Release|Win32
		{5E5D2B34-3DA2-4177-9969-0A746C702EEE}.Release|x86.Build.0 = Release|Win32
	EndGlobalSection
	GlobalSection(SolutionProperties) = preSolution
		HideSolutionNode = FALSE
	EndGlobalSection
	GlobalSection(ExtensibilityGlobals) = postSolution
		SolutionGuid = {3F066E85-C7D2-4321-9053-3C0F1F9C567D}
	EndGlobalSection
EndGlobal
